# This file is automatically @generated by Cargo.
# It is not intended for manual editing.
version = 3

[[package]]
name = "bazel-build-extension"
version = "0.1.0"

[[package]]
name = "harness"
version = "0.1.0"

[[package]]
name = "harness-core"
version = "0.1.0"

[[package]]
name = "harness-extension-util"
version = "0.1.0"

[[package]]
name = "harness-protocol"
version = "0.1.0"

[[package]]
name = "mav-expect-extension"
version = "0.1.0"

[[package]]
name = "stub-extension"
version = "0.1.0"
