version: 1
satisfied:
- check: crates/musts-protocol/contract
  scope_hash: 00bb7566e2d0ae504c821ed99676efcb302acf20ac2c35c67a3c5def3c25b523
- check: crates/musts-protocol/contract
  scope_hash: 4a087c9a9ae7b38bb88c3ecb3e459b4405966c78595ef877256052c934dc2249
- check: crates/musts-protocol/contract
  scope_hash: c47e3acca3020bb100c65ccbf3e3a7891af7ad71e4c79ac0fe7bca32dec031b4
- check: crates/musts-protocol/contract
  scope_hash: edf73bd4fec85eb2432feb4da97e6d954dc4b8de59da5a37314a720984dd7026
- check: extensions/cargo/contract
  scope_hash: 339a1a48957c64170aa5aebc9f5f14906b244927285ff72a6312561d36f5236b
- check: extensions/cargo/contract
  scope_hash: b3ab1811579aa8dee36f6542b02bbbd8bc0fecb89973f3084ebfd753c6e08752
- check: root/clippy
  scope_hash: 0db0e106f0e9a318a71d2b09b69195eda44ee4a0b62dd588acddf343cd60754a
- check: root/clippy
  scope_hash: 27e51b53cb349f51359b9388842ad818f48f5a45b247d9d912b89aae0c9e7497
- check: root/clippy
  scope_hash: 27e91af5d0a53e6513ef6d48405c95e37adc1e24598351c5a419ef84a78cc515
- check: root/clippy
  scope_hash: 2acf6f1180c209354434c0511d8ca3db7533b542f953b8bdb030de3b59cbfb16
- check: root/clippy
  scope_hash: 2ffc85ccce64416ea4f353017fc7fc1ef09424629215d8b900207e89301dcff7
- check: root/clippy
  scope_hash: 34ba2411f0d217fc30eb5c2035e089b1a17aa6733938d5367efd64a4e03fc5cb
- check: root/clippy
  scope_hash: 38dc98b2733f61389f490b583379290978d069e7b92ad62c2cadd7bf9fa71d4a
- check: root/clippy
  scope_hash: 39a562bc80e23537adfc2a37021a0ca381af539993e0081e27768ec2c80204bc
- check: root/clippy
  scope_hash: 3bd355bbbb116327c7da1d01fd42c40ed6f9290b9931d2f9aba0396feb6443e7
- check: root/clippy
  scope_hash: 3df6a6f56544b1515d29480cb5b59f04d8a8ec555abac594a17a6372e57872f2
- check: root/clippy
  scope_hash: 3fbe0967470650c6c6c854ba42d05b8e41d21361d02825d91b2975a83c49004d
- check: root/clippy
  scope_hash: 82c6beaead60f04913d044fa89b5e8cfc24e7e0b1f1a1ba1ac0c92f93d6e200f
- check: root/clippy
  scope_hash: 897a4bfeee43b24386023bc0a3fb96f38be781dbdaad010fe8eae3b3d6a8b75f
- check: root/clippy
  scope_hash: 8e5540c319327405961fa637186c6d7f5d3ef63bc729c198adfff058415a8b32
- check: root/clippy
  scope_hash: 9850a99a28cbf4a3f0956d0f0e016698463582c277c025eb770d74623a4ca0fd
- check: root/clippy
  scope_hash: 9f3d3bdb0f65e99e062d90bf533bac28f5d9fdd8d6d56756ae3bcab2f69f2736
- check: root/clippy
  scope_hash: a4848e8cbce2dc0f7694a0cdf88f8cd5849fcd55827a20290ee3fac9ef833c54
- check: root/clippy
  scope_hash: a50ecaed2135dc13453f6136010fd17de071db2846f44a3a2acc42b0296bc024
- check: root/clippy
  scope_hash: a5f709dc4b82aa7dd6096a8895fca070d83e373a034b129640182c8fc76b1a8b
- check: root/clippy
  scope_hash: a9cb5d2e6e2a21d0f1d4751cb41144986592438cc304d15f2744e686aa14d005
- check: root/clippy
  scope_hash: ac543aea35ab939780dddce14ec0b9a630920335728affa3bce0af6c5cc32c66
- check: root/clippy
  scope_hash: d05747b6b4be3adf3d8ed23d871700d7929cf28825cab14ac98fb7807682023e
- check: root/clippy
  scope_hash: d419d07a3b86debce11fe31ebf6f4e98209a425b4f9514db8c46df8de653836b
- check: root/clippy
  scope_hash: d5287356815862b3835cf5b58eb20f5482d3556bf8f053ce4264df058086d8b4
- check: root/clippy
  scope_hash: dd561543e54b919f82391d8cd8f912b69e79103d5021450303813e9d424123ef
- check: root/clippy
  scope_hash: f33743ab35536dadb7565693ecbf42beafb5950e1b43b99d34e9395ff2c4f519
- check: root/clippy
  scope_hash: f59a1fc8b378417bf372128f156b416edd7a86cbfba2a02ecf6fd33fa04b553b
- check: root/clippy
  scope_hash: f61a7e307b1ae04698e58a642595f454b8e1ae68093e1adbfe6f91ea8deef54f
- check: root/clippy
  scope_hash: facca70c3bc07471feb0f9dbfb4ea7c29f6ab614aaa8efc48ed1074f7b42910f
- check: root/clippy
  scope_hash: fc133f923ce536bdef66cc12b071b4d2b61ceaaf37aefc3291adf29b4ebdf304
- check: root/clippy
  scope_hash: fd823cf74cd1341ec66b48da097831ddb81c1580c31d463945fbc1203cac08fa
- check: root/fmt
  scope_hash: 0db0e106f0e9a318a71d2b09b69195eda44ee4a0b62dd588acddf343cd60754a
- check: root/fmt
  scope_hash: 27e51b53cb349f51359b9388842ad818f48f5a45b247d9d912b89aae0c9e7497
- check: root/fmt
  scope_hash: 27e91af5d0a53e6513ef6d48405c95e37adc1e24598351c5a419ef84a78cc515
- check: root/fmt
  scope_hash: 2acf6f1180c209354434c0511d8ca3db7533b542f953b8bdb030de3b59cbfb16
- check: root/fmt
  scope_hash: 2ffc85ccce64416ea4f353017fc7fc1ef09424629215d8b900207e89301dcff7
- check: root/fmt
  scope_hash: 34ba2411f0d217fc30eb5c2035e089b1a17aa6733938d5367efd64a4e03fc5cb
- check: root/fmt
  scope_hash: 38dc98b2733f61389f490b583379290978d069e7b92ad62c2cadd7bf9fa71d4a
- check: root/fmt
  scope_hash: 39a562bc80e23537adfc2a37021a0ca381af539993e0081e27768ec2c80204bc
- check: root/fmt
  scope_hash: 3bd355bbbb116327c7da1d01fd42c40ed6f9290b9931d2f9aba0396feb6443e7
- check: root/fmt
  scope_hash: 3df6a6f56544b1515d29480cb5b59f04d8a8ec555abac594a17a6372e57872f2
- check: root/fmt
  scope_hash: 3fbe0967470650c6c6c854ba42d05b8e41d21361d02825d91b2975a83c49004d
- check: root/fmt
  scope_hash: 82c6beaead60f04913d044fa89b5e8cfc24e7e0b1f1a1ba1ac0c92f93d6e200f
- check: root/fmt
  scope_hash: 897a4bfeee43b24386023bc0a3fb96f38be781dbdaad010fe8eae3b3d6a8b75f
- check: root/fmt
  scope_hash: 8e5540c319327405961fa637186c6d7f5d3ef63bc729c198adfff058415a8b32
- check: root/fmt
  scope_hash: 9850a99a28cbf4a3f0956d0f0e016698463582c277c025eb770d74623a4ca0fd
- check: root/fmt
  scope_hash: 9f3d3bdb0f65e99e062d90bf533bac28f5d9fdd8d6d56756ae3bcab2f69f2736
- check: root/fmt
  scope_hash: a4848e8cbce2dc0f7694a0cdf88f8cd5849fcd55827a20290ee3fac9ef833c54
- check: root/fmt
  scope_hash: a50ecaed2135dc13453f6136010fd17de071db2846f44a3a2acc42b0296bc024
- check: root/fmt
  scope_hash: a5f709dc4b82aa7dd6096a8895fca070d83e373a034b129640182c8fc76b1a8b
- check: root/fmt
  scope_hash: a9cb5d2e6e2a21d0f1d4751cb41144986592438cc304d15f2744e686aa14d005
- check: root/fmt
  scope_hash: ac543aea35ab939780dddce14ec0b9a630920335728affa3bce0af6c5cc32c66
- check: root/fmt
  scope_hash: d419d07a3b86debce11fe31ebf6f4e98209a425b4f9514db8c46df8de653836b
- check: root/fmt
  scope_hash: d5287356815862b3835cf5b58eb20f5482d3556bf8f053ce4264df058086d8b4
- check: root/fmt
  scope_hash: dd561543e54b919f82391d8cd8f912b69e79103d5021450303813e9d424123ef
- check: root/fmt
  scope_hash: f33743ab35536dadb7565693ecbf42beafb5950e1b43b99d34e9395ff2c4f519
- check: root/fmt
  scope_hash: f59a1fc8b378417bf372128f156b416edd7a86cbfba2a02ecf6fd33fa04b553b
- check: root/fmt
  scope_hash: f61a7e307b1ae04698e58a642595f454b8e1ae68093e1adbfe6f91ea8deef54f
- check: root/fmt
  scope_hash: facca70c3bc07471feb0f9dbfb4ea7c29f6ab614aaa8efc48ed1074f7b42910f
- check: root/fmt
  scope_hash: fc133f923ce536bdef66cc12b071b4d2b61ceaaf37aefc3291adf29b4ebdf304
- check: root/fmt
  scope_hash: fd823cf74cd1341ec66b48da097831ddb81c1580c31d463945fbc1203cac08fa
- check: root/test
  scope_hash: 0db0e106f0e9a318a71d2b09b69195eda44ee4a0b62dd588acddf343cd60754a
- check: root/test
  scope_hash: 27e51b53cb349f51359b9388842ad818f48f5a45b247d9d912b89aae0c9e7497
- check: root/test
  scope_hash: 27e91af5d0a53e6513ef6d48405c95e37adc1e24598351c5a419ef84a78cc515
- check: root/test
  scope_hash: 2acf6f1180c209354434c0511d8ca3db7533b542f953b8bdb030de3b59cbfb16
- check: root/test
  scope_hash: 2ffc85ccce64416ea4f353017fc7fc1ef09424629215d8b900207e89301dcff7
- check: root/test
  scope_hash: 34ba2411f0d217fc30eb5c2035e089b1a17aa6733938d5367efd64a4e03fc5cb
- check: root/test
  scope_hash: 38dc98b2733f61389f490b583379290978d069e7b92ad62c2cadd7bf9fa71d4a
- check: root/test
  scope_hash: 39a562bc80e23537adfc2a37021a0ca381af539993e0081e27768ec2c80204bc
- check: root/test
  scope_hash: 3bd355bbbb116327c7da1d01fd42c40ed6f9290b9931d2f9aba0396feb6443e7
- check: root/test
  scope_hash: 3df6a6f56544b1515d29480cb5b59f04d8a8ec555abac594a17a6372e57872f2
- check: root/test
  scope_hash: 3fbe0967470650c6c6c854ba42d05b8e41d21361d02825d91b2975a83c49004d
- check: root/test
  scope_hash: 82c6beaead60f04913d044fa89b5e8cfc24e7e0b1f1a1ba1ac0c92f93d6e200f
- check: root/test
  scope_hash: 897a4bfeee43b24386023bc0a3fb96f38be781dbdaad010fe8eae3b3d6a8b75f
- check: root/test
  scope_hash: 8e5540c319327405961fa637186c6d7f5d3ef63bc729c198adfff058415a8b32
- check: root/test
  scope_hash: 9850a99a28cbf4a3f0956d0f0e016698463582c277c025eb770d74623a4ca0fd
- check: root/test
  scope_hash: 9f3d3bdb0f65e99e062d90bf533bac28f5d9fdd8d6d56756ae3bcab2f69f2736
- check: root/test
  scope_hash: a4848e8cbce2dc0f7694a0cdf88f8cd5849fcd55827a20290ee3fac9ef833c54
- check: root/test
  scope_hash: a50ecaed2135dc13453f6136010fd17de071db2846f44a3a2acc42b0296bc024
- check: root/test
  scope_hash: a5f709dc4b82aa7dd6096a8895fca070d83e373a034b129640182c8fc76b1a8b
- check: root/test
  scope_hash: a9cb5d2e6e2a21d0f1d4751cb41144986592438cc304d15f2744e686aa14d005
- check: root/test
  scope_hash: ac543aea35ab939780dddce14ec0b9a630920335728affa3bce0af6c5cc32c66
- check: root/test
  scope_hash: d05747b6b4be3adf3d8ed23d871700d7929cf28825cab14ac98fb7807682023e
- check: root/test
  scope_hash: d419d07a3b86debce11fe31ebf6f4e98209a425b4f9514db8c46df8de653836b
- check: root/test
  scope_hash: d5287356815862b3835cf5b58eb20f5482d3556bf8f053ce4264df058086d8b4
- check: root/test
  scope_hash: dd561543e54b919f82391d8cd8f912b69e79103d5021450303813e9d424123ef
- check: root/test
  scope_hash: f33743ab35536dadb7565693ecbf42beafb5950e1b43b99d34e9395ff2c4f519
- check: root/test
  scope_hash: f59a1fc8b378417bf372128f156b416edd7a86cbfba2a02ecf6fd33fa04b553b
- check: root/test
  scope_hash: f61a7e307b1ae04698e58a642595f454b8e1ae68093e1adbfe6f91ea8deef54f
- check: root/test
  scope_hash: facca70c3bc07471feb0f9dbfb4ea7c29f6ab614aaa8efc48ed1074f7b42910f
- check: root/test
  scope_hash: fc133f923ce536bdef66cc12b071b4d2b61ceaaf37aefc3291adf29b4ebdf304
- check: root/test
  scope_hash: fd823cf74cd1341ec66b48da097831ddb81c1580c31d463945fbc1203cac08fa
