version: 1
satisfied:
- check: crates/harness-protocol/contract
  scope_hash: 4a087c9a9ae7b38bb88c3ecb3e459b4405966c78595ef877256052c934dc2249
- check: extensions/cargo/contract
  scope_hash: 339a1a48957c64170aa5aebc9f5f14906b244927285ff72a6312561d36f5236b
- check: root/clippy
  scope_hash: 38dc98b2733f61389f490b583379290978d069e7b92ad62c2cadd7bf9fa71d4a
- check: root/clippy
  scope_hash: 3bd355bbbb116327c7da1d01fd42c40ed6f9290b9931d2f9aba0396feb6443e7
- check: root/clippy
  scope_hash: 3fbe0967470650c6c6c854ba42d05b8e41d21361d02825d91b2975a83c49004d
- check: root/fmt
  scope_hash: 38dc98b2733f61389f490b583379290978d069e7b92ad62c2cadd7bf9fa71d4a
- check: root/fmt
  scope_hash: 3bd355bbbb116327c7da1d01fd42c40ed6f9290b9931d2f9aba0396feb6443e7
- check: root/fmt
  scope_hash: 3fbe0967470650c6c6c854ba42d05b8e41d21361d02825d91b2975a83c49004d
- check: root/test
  scope_hash: 38dc98b2733f61389f490b583379290978d069e7b92ad62c2cadd7bf9fa71d4a
- check: root/test
  scope_hash: 3bd355bbbb116327c7da1d01fd42c40ed6f9290b9931d2f9aba0396feb6443e7
- check: root/test
  scope_hash: 3fbe0967470650c6c6c854ba42d05b8e41d21361d02825d91b2975a83c49004d
